// !$*UTF8*$!
{
	archiveVersion = 1;
	classes = {
	};
	objectVersion = 50;
	objects = {

/* Begin PBXBuildFile section */
		7507141026F97A32004733FA /* HomeView.swift in Sources */ = {isa = PBXBuildFile; fileRef = 7507140F26F97A32004733FA /* HomeView.swift */; };
		753B532126EAF82900B6B7F4 /* MemorizationGameApp.swift in Sources */ = {isa = PBXBuildFile; fileRef = 753B532026EAF82900B6B7F4 /* MemorizationGameApp.swift */; };
		753B532326EAF82900B6B7F4 /* MemoryGameView.swift in Sources */ = {isa = PBXBuildFile; fileRef = 753B532226EAF82900B6B7F4 /* MemoryGameView.swift */; };
		753B532526EAF82A00B6B7F4 /* Assets.xcassets in Resources */ = {isa = PBXBuildFile; fileRef = 753B532426EAF82A00B6B7F4 /* Assets.xcassets */; };
		753B532826EAF82A00B6B7F4 /* Preview Assets.xcassets in Resources */ = {isa = PBXBuildFile; fileRef = 753B532726EAF82A00B6B7F4 /* Preview Assets.xcassets */; };
		753B533026EAF8C200B6B7F4 /* GameModel.swift in Sources */ = {isa = PBXBuildFile; fileRef = 753B532F26EAF8C200B6B7F4 /* GameModel.swift */; };
		753B533226EAF8E800B6B7F4 /* GameViewModel.swift in Sources */ = {isa = PBXBuildFile; fileRef = 753B533126EAF8E800B6B7F4 /* GameViewModel.swift */; };
		75BB467926EC0B8F0081DBBC /* AspectVGrid.swift in Sources */ = {isa = PBXBuildFile; fileRef = 75BB467826EC0B8F0081DBBC /* AspectVGrid.swift */; };
		75BB467D26EC3A720081DBBC /* Cardify.swift in Sources */ = {isa = PBXBuildFile; fileRef = 75BB467C26EC3A720081DBBC /* Cardify.swift */; };
/* End PBXBuildFile section */

/* Begin PBXFileReference section */
		7507140F26F97A32004733FA /* HomeView.swift */ = {isa = PBXFileReference; lastKnownFileType = sourcecode.swift; path = HomeView.swift; sourceTree = "<group>"; };
		753B531D26EAF82900B6B7F4 /* MemorizationGame.app */ = {isa = PBXFileReference; explicitFileType = wrapper.application; includeInIndex = 0; path = MemorizationGame.app; sourceTree = BUILT_PRODUCTS_DIR; };
		753B532026EAF82900B6B7F4 /* MemorizationGameApp.swift */ = {isa = PBXFileReference; lastKnownFileType = sourcecode.swift; path = MemorizationGameApp.swift; sourceTree = "<group>"; };
		753B532226EAF82900B6B7F4 /* MemoryGameView.swift */ = {isa = PBXFileReference; lastKnownFileType = sourcecode.swift; path = MemoryGameView.swift; sourceTree = "<group>"; };
		753B532426EAF82A00B6B7F4 /* Assets.xcassets */ = {isa = PBXFileReference; lastKnownFileType = folder.assetcatalog; path = Assets.xcassets; sourceTree = "<group>"; };
		753B532726EAF82A00B6B7F4 /* Preview Assets.xcassets */ = {isa = PBXFileReference; lastKnownFileType = folder.assetcatalog; path = "Preview Assets.xcassets"; sourceTree = "<group>"; };
		753B532926EAF82A00B6B7F4 /* Info.plist */ = {isa = PBXFileReference; lastKnownFileType = text.plist.xml; path = Info.plist; sourceTree = "<group>"; };
		753B532F26EAF8C200B6B7F4 /* GameModel.swift */ = {isa = PBXFileReference; lastKnownFileType = sourcecode.swift; path = GameModel.swift; sourceTree = "<group>"; };
		753B533126EAF8E800B6B7F4 /* GameViewModel.swift */ = {isa = PBXFileReference; lastKnownFileType = sourcecode.swift; path = GameViewModel.swift; sourceTree = "<group>"; };
		75BB467826EC0B8F0081DBBC /* AspectVGrid.swift */ = {isa = PBXFileReference; lastKnownFileType = sourcecode.swift; path = AspectVGrid.swift; sourceTree = "<group>"; };
		75BB467C26EC3A720081DBBC /* Cardify.swift */ = {isa = PBXFileReference; lastKnownFileType = sourcecode.swift; path = Cardify.swift; sourceTree = "<group>"; };
/* End PBXFileReference section */

/* Begin PBXFrameworksBuildPhase section */
		753B531A26EAF82900B6B7F4 /* Frameworks */ = {
			isa = PBXFrameworksBuildPhase;
			buildActionMask = 2147483647;
			files = (
			);
			runOnlyForDeploymentPostprocessing = 0;
		};
/* End PBXFrameworksBuildPhase section */

/* Begin PBXGroup section */
		753B531426EAF82900B6B7F4 = {
			isa = PBXGroup;
			children = (
				753B531F26EAF82900B6B7F4 /* MemorizationGame */,
				753B531E26EAF82900B6B7F4 /* Products */,
			);
			sourceTree = "<group>";
		};
		753B531E26EAF82900B6B7F4 /* Products */ = {
			isa = PBXGroup;
			children = (
				753B531D26EAF82900B6B7F4 /* MemorizationGame.app */,
			);
			name = Products;
			sourceTree = "<group>";
		};
		753B531F26EAF82900B6B7F4 /* MemorizationGame */ = {
			isa = PBXGroup;
			children = (
				753B532026EAF82900B6B7F4 /* MemorizationGameApp.swift */,
				7507140F26F97A32004733FA /* HomeView.swift */,
				753B532226EAF82900B6B7F4 /* MemoryGameView.swift */,
				75BB467C26EC3A720081DBBC /* Cardify.swift */,
				75BB467826EC0B8F0081DBBC /* AspectVGrid.swift */,
				753B532F26EAF8C200B6B7F4 /* GameModel.swift */,
				753B533126EAF8E800B6B7F4 /* GameViewModel.swift */,
				753B532426EAF82A00B6B7F4 /* Assets.xcassets */,
				753B532926EAF82A00B6B7F4 /* Info.plist */,
				753B532626EAF82A00B6B7F4 /* Preview Content */,
			);
			path = MemorizationGame;
			sourceTree = "<group>";
		};
		753B532626EAF82A00B6B7F4 /* Preview Content */ = {
			isa = PBXGroup;
			children = (
				753B532726EAF82A00B6B7F4 /* Preview Assets.xcassets */,
			);
			path = "Preview Content";
			sourceTree = "<group>";
		};
/* End PBXGroup section */

/* Begin PBXNativeTarget section */
		753B531C26EAF82900B6B7F4 /* MemorizationGame */ = {
			isa = PBXNativeTarget;
			buildConfigurationList = 753B532C26EAF82A00B6B7F4 /* Build configuration list for PBXNativeTarget "MemorizationGame" */;
			buildPhases = (
				753B531926EAF82900B6B7F4 /* Sources */,
				753B531A26EAF82900B6B7F4 /* Frameworks */,
				753B531B26EAF82900B6B7F4 /* Resources */,
			);
			buildRules = (
			);
			dependencies = (
			);
			name = MemorizationGame;
			productName = MemorizationGame;
			productReference = 753B531D26EAF82900B6B7F4 /* MemorizationGame.app */;
			productType = "com.apple.product-type.application";
		};
/* End PBXNativeTarget section */

/* Begin PBXProject section */
		753B531526EAF82900B6B7F4 /* Project object */ = {
			isa = PBXProject;
			attributes = {
				LastSwiftUpdateCheck = 1250;
				LastUpgradeCheck = 1250;
				TargetAttributes = {
					753B531C26EAF82900B6B7F4 = {
						CreatedOnToolsVersion = 12.5;
					};
				};
			};
			buildConfigurationList = 753B531826EAF82900B6B7F4 /* Build configuration list for PBXProject "MemorizationGame" */;
			compatibilityVersion = "Xcode 9.3";
			developmentRegion = en;
			hasScannedForEncodings = 0;
			knownRegions = (
				en,
				Base,
			);
			mainGroup = 753B531426EAF82900B6B7F4;
			productRefGroup = 753B531E26EAF82900B6B7F4 /* Products */;
			projectDirPath = "";
			projectRoot = "";
			targets = (
				753B531C26EAF82900B6B7F4 /* MemorizationGame */,
			);
		};
/* End PBXProject section */

/* Begin PBXResourcesBuildPhase section */
		753B531B26EAF82900B6B7F4 /* Resources */ = {
			isa = PBXResourcesBuildPhase;
			buildActionMask = 2147483647;
			files = (
				753B532826EAF82A00B6B7F4 /* Preview Assets.xcassets in Resources */,
				753B532526EAF82A00B6B7F4 /* Assets.xcassets in Resources */,
			);
			runOnlyForDeploymentPostprocessing = 0;
		};
/* End PBXResourcesBuildPhase section */

/* Begin PBXSourcesBuildPhase section */
		753B531926EAF82900B6B7F4 /* Sources */ = {
			isa = PBXSourcesBuildPhase;
			buildActionMask = 2147483647;
			files = (
				75BB467D26EC3A720081DBBC /* Cardify.swift in Sources */,
				753B533226EAF8E800B6B7F4 /* GameViewModel.swift in Sources */,
				753B532326EAF82900B6B7F4 /* MemoryGameView.swift in Sources */,
				753B532126EAF82900B6B7F4 /* MemorizationGameApp.swift in Sources */,
				7507141026F97A32004733FA /* HomeView.swift in Sources */,
				75BB467926EC0B8F0081DBBC /* AspectVGrid.swift in Sources */,
				753B533026EAF8C200B6B7F4 /* GameModel.swift in Sources */,
			);
			runOnlyForDeploymentPostprocessing = 0;
		};
/* End PBXSourcesBuildPhase section */

/* Begin XCBuildConfiguration section */
		753B532A26EAF82A00B6B7F4 /* Debug */ = {
			isa = XCBuildConfiguration;
			buildSettings = {
				ALWAYS_SEARCH_USER_PATHS = NO;
				CLANG_ANALYZER_NONNULL = YES;
				CLANG_ANALYZER_NUMBER_OBJECT_CONVERSION = YES_AGGRESSIVE;
				CLANG_CXX_LANGUAGE_STANDARD = "gnu++14";
				CLANG_CXX_LIBRARY = "libc++";
				CLANG_ENABLE_MODULES = YES;
				CLANG_ENABLE_OBJC_ARC = YES;
				CLANG_ENABLE_OBJC_WEAK = YES;
				CLANG_WARN_BLOCK_CAPTURE_AUTORELEASING = YES;
				CLANG_WARN_BOOL_CONVERSION = YES;
				CLANG_WARN_COMMA = YES;
				CLANG_WARN_CONSTANT_CONVERSION = YES;
				CLANG_WARN_DEPRECATED_OBJC_IMPLEMENTATIONS = YES;
				CLANG_WARN_DIRECT_OBJC_ISA_USAGE = YES_ERROR;
				CLANG_WARN_DOCUMENTATION_COMMENTS = YES;
				CLANG_WARN_EMPTY_BODY = YES;
				CLANG_WARN_ENUM_CONVERSION = YES;
				CLANG_WARN_INFINITE_RECURSION = YES;
				CLANG_WARN_INT_CONVERSION = YES;
				CLANG_WARN_NON_LITERAL_NULL_CONVERSION = YES;
				CLANG_WARN_OBJC_IMPLICIT_RETAIN_SELF = YES;
				CLANG_WARN_OBJC_LITERAL_CONVERSION = YES;
				CLANG_WARN_OBJC_ROOT_CLASS = YES_ERROR;
				CLANG_WARN_QUOTED_INCLUDE_IN_FRAMEWORK_HEADER = YES;
				CLANG_WARN_RANGE_LOOP_ANALYSIS = YES;
				CLANG_WARN_STRICT_PROTOTYPES = YES;
				CLANG_WARN_SUSPICIOUS_MOVE = YES;
				CLANG_WARN_UNGUARDED_AVAILABILITY = YES_AGGRESSIVE;
				CLANG_WARN_UNREACHABLE_CODE = YES;
				CLANG_WARN__DUPLICATE_METHOD_MATCH = YES;
				COPY_PHASE_STRIP = NO;
				DEBUG_INFORMATION_FORMAT = dwarf;
				ENABLE_STRICT_OBJC_MSGSEND = YES;
				ENABLE_TESTABILITY = YES;
				GCC_C_LANGUAGE_STANDARD = gnu11;
				GCC_DYNAMIC_NO_PIC = NO;
				GCC_NO_COMMON_BLOCKS = YES;
				GCC_OPTIMIZATION_LEVEL = 0;
				GCC_PREPROCESSOR_DEFINITIONS = (
					"DEBUG=1",
					"$(inherited)",
				);
				GCC_WARN_64_TO_32_BIT_CONVERSION = YES;
				GCC_WARN_ABOUT_RETURN_TYPE = YES_ERROR;
				GCC_WARN_UNDECLARED_SELECTOR = YES;
				GCC_WARN_UNINITIALIZED_AUTOS = YES_AGGRESSIVE;
				GCC_WARN_UNUSED_FUNCTION = YES;
				GCC_WARN_UNUSED_VARIABLE = YES;
				IPHONEOS_DEPLOYMENT_TARGET = 14.5;
				MTL_ENABLE_DEBUG_INFO = INCLUDE_SOURCE;
				MTL_FAST_MATH = YES;
				ONLY_ACTIVE_ARCH = YES;
				SDKROOT = iphoneos;
				SWIFT_ACTIVE_COMPILATION_CONDITIONS = DEBUG;
				SWIFT_OPTIMIZATION_LEVEL = "-Onone";
			};
			name = Debug;
		};
		753B532B26EAF82A00B6B7F4 /* Release */ = {
			isa = XCBuildConfiguration;
			buildSettings = {
				ALWAYS_SEARCH_USER_PATHS = NO;
				CLANG_ANALYZER_NONNULL = YES;
				CLANG_ANALYZER_NUMBER_OBJECT_CONVERSION = YES_AGGRESSIVE;
				CLANG_CXX_LANGUAGE_STANDARD = "gnu++14";
				CLANG_CXX_LIBRARY = "libc++";
				CLANG_ENABLE_MODULES = YES;
				CLANG_ENABLE_OBJC_ARC = YES;
				CLANG_ENABLE_OBJC_WEAK = YES;
				CLANG_WARN_BLOCK_CAPTURE_AUTORELEASING = YES;
				CLANG_WARN_BOOL_CONVERSION = YES;
				CLANG_WARN_COMMA = YES;
				CLANG_WARN_CONSTANT_CONVERSION = YES;
				CLANG_WARN_DEPRECATED_OBJC_IMPLEMENTATIONS = YES;
				CLANG_WARN_DIRECT_OBJC_ISA_USAGE = YES_ERROR;
				CLANG_WARN_DOCUMENTATION_COMMENTS = YES;
				CLANG_WARN_EMPTY_BODY = YES;
				CLANG_WARN_ENUM_CONVERSION = YES;
				CLANG_WARN_INFINITE_RECURSION = YES;
				CLANG_WARN_INT_CONVERSION = YES;
				CLANG_WARN_NON_LITERAL_NULL_CONVERSION = YES;
				CLANG_WARN_OBJC_IMPLICIT_RETAIN_SELF = YES;
				CLANG_WARN_OBJC_LITERAL_CONVERSION = YES;
				CLANG_WARN_OBJC_ROOT_CLASS = YES_ERROR;
				CLANG_WARN_QUOTED_INCLUDE_IN_FRAMEWORK_HEADER = YES;
				CLANG_WARN_RANGE_LOOP_ANALYSIS = YES;
				CLANG_WARN_STRICT_PROTOTYPES = YES;
				CLANG_WARN_SUSPICIOUS_MOVE = YES;
				CLANG_WARN_UNGUARDED_AVAILABILITY = YES_AGGRESSIVE;
				CLANG_WARN_UNREACHABLE_CODE = YES;
				CLANG_WARN__DUPLICATE_METHOD_MATCH = YES;
				COPY_PHASE_STRIP = NO;
				DEBUG_INFORMATION_FORMAT = "dwarf-with-dsym";
				ENABLE_NS_ASSERTIONS = NO;
				ENABLE_STRICT_OBJC_MSGSEND = YES;
				GCC_C_LANGUAGE_STANDARD = gnu11;
				GCC_NO_COMMON_BLOCKS = YES;
				GCC_WARN_64_TO_32_BIT_CONVERSION = YES;
				GCC_WARN_ABOUT_RETURN_TYPE = YES_ERROR;
				GCC_WARN_UNDECLARED_SELECTOR = YES;
				GCC_WARN_UNINITIALIZED_AUTOS = YES_AGGRESSIVE;
				GCC_WARN_UNUSED_FUNCTION = YES;
				GCC_WARN_UNUSED_VARIABLE = YES;
				IPHONEOS_DEPLOYMENT_TARGET = 14.5;
				MTL_ENABLE_DEBUG_INFO = NO;
				MTL_FAST_MATH = YES;
				SDKROOT = iphoneos;
				SWIFT_COMPILATION_MODE = wholemodule;
				SWIFT_OPTIMIZATION_LEVEL = "-O";
				VALIDATE_PRODUCT = YES;
			};
			name = Release;
		};
		753B532D26EAF82A00B6B7F4 /* Debug */ = {
			isa = XCBuildConfiguration;
			buildSettings = {
				ASSETCATALOG_COMPILER_APPICON_NAME = AppIcon;
				ASSETCATALOG_COMPILER_GLOBAL_ACCENT_COLOR_NAME = AccentColor;
				CODE_SIGN_STYLE = Automatic;
				DEVELOPMENT_ASSET_PATHS = "\"MemorizationGame/Preview Content\"";
				DEVELOPMENT_TEAM = F56C7H2Z9Y;
				ENABLE_PREVIEWS = YES;
				INFOPLIST_FILE = MemorizationGame/Info.plist;
				IPHONEOS_DEPLOYMENT_TARGET = 14.0;
				LD_RUNPATH_SEARCH_PATHS = (
					"$(inherited)",
					"@executable_path/Frameworks",
				);
				PRODUCT_BUNDLE_IDENTIFIER = com.micahlau.MemorizationGame;
				PRODUCT_NAME = "$(TARGET_NAME)";
				SWIFT_VERSION = 5.0;
				TARGETED_DEVICE_FAMILY = "1,2";
			};
			name = Debug;
		};
		753B532E26EAF82A00B6B7F4 /* Release */ = {
			isa = XCBuildConfiguration;
			buildSettings = {
				ASSETCATALOG_COMPILER_APPICON_NAME = AppIcon;
				ASSETCATALOG_COMPILER_GLOBAL_ACCENT_COLOR_NAME = AccentColor;
				CODE_SIGN_STYLE = Automatic;
				DEVELOPMENT_ASSET_PATHS = "\"MemorizationGame/Preview Content\"";
				DEVELOPMENT_TEAM = F56C7H2Z9Y;
				ENABLE_PREVIEWS = YES;
				INFOPLIST_FILE = MemorizationGame/Info.plist;
				IPHONEOS_DEPLOYMENT_TARGET = 14.0;
				LD_RUNPATH_SEARCH_PATHS = (
					"$(inherited)",
					"@executable_path/Frameworks",
				);
				PRODUCT_BUNDLE_IDENTIFIER = com.micahlau.MemorizationGame;
				PRODUCT_NAME = "$(TARGET_NAME)";
				SWIFT_VERSION = 5.0;
				TARGETED_DEVICE_FAMILY = "1,2";
			};
			name = Release;
		};
/* End XCBuildConfiguration section */

/* Begin XCConfigurationList section */
		753B531826EAF82900B6B7F4 /* Build configuration list for PBXProject "MemorizationGame" */ = {
			isa = XCConfigurationList;
			buildConfigurations = (
				753B532A26EAF82A00B6B7F4 /* Debug */,
				753B532B26EAF82A00B6B7F4 /* Release */,
			);
			defaultConfigurationIsVisible = 0;
			defaultConfigurationName = Release;
		};
		753B532C26EAF82A00B6B7F4 /* Build configuration list for PBXNativeTarget "MemorizationGame" */ = {
			isa = XCConfigurationList;
			buildConfigurations = (
				753B532D26EAF82A00B6B7F4 /* Debug */,
				753B532E26EAF82A00B6B7F4 /* Release */,
			);
			defaultConfigurationIsVisible = 0;
			defaultConfigurationName = Release;
		};
/* End XCConfigurationList section */
	};
	rootObject = 753B531526EAF82900B6B7F4 /* Project object */;
}
